
Microsoft Visual Studio Solution File, Format Version 12.00
# Visual Studio 15
VisualStudioVersion = 15.0.28307.271
MinimumVisualStudioVersion = 10.0.40219.1
Project("{9A19103F-16F7-4668-BE54-9A1E7A4F7556}") = "TestFR", "ConsoleApp1\TestFR.csproj", "{DD12FB97-ADF6-45B6-BBDC-E3C28295C1CB}"
EndProject
Project("{9A19103F-16F7-4668-BE54-9A1E7A4F7556}") = "Shared", "Shared\Shared.csproj", "{6E7BD5AC-4425-4971-8007-4B298B20D1E8}"
EndProject
Project("{FAE04EC0-301F-11D3-BF4B-00C04F79EFBC}") = "FormRecognizerLab.Functions", "FormRecognizerLab.Functions\FormRecognizerLab.Functions.csproj", "{93AFEDCE-BA9A-48E2-8278-8A804CCFBF7C}"
EndProject
Global
	GlobalSection(SolutionConfigurationPlatforms) = preSolution
		Debug|Any CPU = Debug|Any CPU
		Release|Any CPU = Release|Any CPU
	EndGlobalSection
	GlobalSection(ProjectConfigurationPlatforms) = postSolution
		{DD12FB97-ADF6-45B6-BBDC-E3C28295C1CB}.Debug|Any CPU.ActiveCfg = Debug|Any CPU
		{DD12FB97-ADF6-45B6-BBDC-E3C28295C1CB}.Debug|Any CPU.Build.0 = Debug|Any CPU
		{DD12FB97-ADF6-45B6-BBDC-E3C28295C1CB}.Release|Any CPU.ActiveCfg = Release|Any CPU
		{DD12FB97-ADF6-45B6-BBDC-E3C28295C1CB}.Release|Any CPU.Build.0 = Release|Any CPU
		{6E7BD5AC-4425-4971-8007-4B298B20D1E8}.Debug|Any CPU.ActiveCfg = Debug|Any CPU
		{6E7BD5AC-4425-4971-8007-4B298B20D1E8}.Debug|Any CPU.Build.0 = Debug|Any CPU
		{6E7BD5AC-4425-4971-8007-4B298B20D1E8}.Release|Any CPU.ActiveCfg = Release|Any CPU
		{6E7BD5AC-4425-4971-8007-4B298B20D1E8}.Release|Any CPU.Build.0 = Release|Any CPU
		{93AFEDCE-BA9A-48E2-8278-8A804CCFBF7C}.Debug|Any CPU.ActiveCfg = Debug|Any CPU
		{93AFEDCE-BA9A-48E2-8278-8A804CCFBF7C}.Debug|Any CPU.Build.0 = Debug|Any CPU
		{93AFEDCE-BA9A-48E2-8278-8A804CCFBF7C}.Release|Any CPU.ActiveCfg = Release|Any CPU
		{93AFEDCE-BA9A-48E2-8278-8A804CCFBF7C}.Release|Any CPU.Build.0 = Release|Any CPU
	EndGlobalSection
	GlobalSection(SolutionProperties) = preSolution
		HideSolutionNode = FALSE
	EndGlobalSection
	GlobalSection(ExtensibilityGlobals) = postSolution
		SolutionGuid = {78AAF67F-2FB9-487B-999B-38EDB118A19A}
	EndGlobalSection
EndGlobal
